// !$*UTF8*$!
{
	archiveVersion = 1;
	classes = {
	};
	objectVersion = 56;
	objects = {

/* Begin PBXBuildFile section */
		0B5337D92AD3FED4005551E4 /* DraggableView.swift in Sources */ = {isa = PBXBuildFile; fileRef = 0B5337D82AD3FED4005551E4 /* DraggableView.swift */; };
		0B7F7F472AD3A50000D1BA8A /* MatchImageApp.swift in Sources */ = {isa = PBXBuildFile; fileRef = 0B7F7F462AD3A50000D1BA8A /* MatchImageApp.swift */; };
		0B7F7F492AD3A50000D1BA8A /* ContentView.swift in Sources */ = {isa = PBXBuildFile; fileRef = 0B7F7F482AD3A50000D1BA8A /* ContentView.swift */; };
		0B7F7F4B2AD3A50100D1BA8A /* Assets.xcassets in Resources */ = {isa = PBXBuildFile; fileRef = 0B7F7F4A2AD3A50100D1BA8A /* Assets.xcassets */; };
		0B7F7F4E2AD3A50100D1BA8A /* Preview Assets.xcassets in Resources */ = {isa = PBXBuildFile; fileRef = 0B7F7F4D2AD3A50100D1BA8A /* Preview Assets.xcassets */; };
		0B7F7F552AD3A58800D1BA8A /* ImageViewModel.swift in Sources */ = {isa = PBXBuildFile; fileRef = 0B7F7F542AD3A58800D1BA8A /* ImageViewModel.swift */; };
		0B7F7F592AD3A62D00D1BA8A /* Image.swift in Sources */ = {isa = PBXBuildFile; fileRef = 0B7F7F582AD3A62D00D1BA8A /* Image.swift */; };
		0B7F7F5B2AD3A8C000D1BA8A /* DragView.swift in Sources */ = {isa = PBXBuildFile; fileRef = 0B7F7F5A2AD3A8C000D1BA8A /* DragView.swift */; };
		0B7F7F5D2AD3A94700D1BA8A /* DropView.swift in Sources */ = {isa = PBXBuildFile; fileRef = 0B7F7F5C2AD3A94700D1BA8A /* DropView.swift */; };
/* End PBXBuildFile section */

/* Begin PBXFileReference section */
		0B5337D82AD3FED4005551E4 /* DraggableView.swift */ = {isa = PBXFileReference; lastKnownFileType = sourcecode.swift; path = DraggableView.swift; sourceTree = "<group>"; };
		0B7F7F432AD3A50000D1BA8A /* MatchImage.app */ = {isa = PBXFileReference; explicitFileType = wrapper.application; includeInIndex = 0; path = MatchImage.app; sourceTree = BUILT_PRODUCTS_DIR; };
		0B7F7F462AD3A50000D1BA8A /* MatchImageApp.swift */ = {isa = PBXFileReference; lastKnownFileType = sourcecode.swift; path = MatchImageApp.swift; sourceTree = "<group>"; };
		0B7F7F482AD3A50000D1BA8A /* ContentView.swift */ = {isa = PBXFileReference; lastKnownFileType = sourcecode.swift; path = ContentView.swift; sourceTree = "<group>"; };
		0B7F7F4A2AD3A50100D1BA8A /* Assets.xcassets */ = {isa = PBXFileReference; lastKnownFileType = folder.assetcatalog; path = Assets.xcassets; sourceTree = "<group>"; };
		0B7F7F4D2AD3A50100D1BA8A /* Preview Assets.xcassets */ = {isa = PBXFileReference; lastKnownFileType = folder.assetcatalog; path = "Preview Assets.xcassets"; sourceTree = "<group>"; };
		0B7F7F542AD3A58800D1BA8A /* ImageViewModel.swift */ = {isa = PBXFileReference; lastKnownFileType = sourcecode.swift; path = ImageViewModel.swift; sourceTree = "<group>"; };
		0B7F7F582AD3A62D00D1BA8A /* Image.swift */ = {isa = PBXFileReference; lastKnownFileType = sourcecode.swift; path = Image.swift; sourceTree = "<group>"; };
		0B7F7F5A2AD3A8C000D1BA8A /* DragView.swift */ = {isa = PBXFileReference; lastKnownFileType = sourcecode.swift; path = DragView.swift; sourceTree = "<group>"; };
		0B7F7F5C2AD3A94700D1BA8A /* DropView.swift */ = {isa = PBXFileReference; lastKnownFileType = sourcecode.swift; path = DropView.swift; sourceTree = "<group>"; };
/* End PBXFileReference section */

/* Begin PBXFrameworksBuildPhase section */
		0B7F7F402AD3A50000D1BA8A /* Frameworks */ = {
			isa = PBXFrameworksBuildPhase;
			buildActionMask = 2147483647;
			files = (
			);
			runOnlyForDeploymentPostprocessing = 0;
		};
/* End PBXFrameworksBuildPhase section */

/* Begin PBXGroup section */
		0B7F7F3A2AD3A50000D1BA8A = {
			isa = PBXGroup;
			children = (
				0B7F7F452AD3A50000D1BA8A /* MatchImage */,
				0B7F7F442AD3A50000D1BA8A /* Products */,
			);
			sourceTree = "<group>";
		};
		0B7F7F442AD3A50000D1BA8A /* Products */ = {
			isa = PBXGroup;
			children = (
				0B7F7F432AD3A50000D1BA8A /* MatchImage.app */,
			);
			name = Products;
			sourceTree = "<group>";
		};
		0B7F7F452AD3A50000D1BA8A /* MatchImage */ = {
			isa = PBXGroup;
			children = (
				0B7F7F572AD3A61D00D1BA8A /* Model */,
				0B7F7F562AD3A60400D1BA8A /* ViewModel */,
				0B7F7F462AD3A50000D1BA8A /* MatchImageApp.swift */,
				0B7F7F482AD3A50000D1BA8A /* ContentView.swift */,
				0B7F7F4A2AD3A50100D1BA8A /* Assets.xcassets */,
				0B7F7F4C2AD3A50100D1BA8A /* Preview Content */,
				0B7F7F5A2AD3A8C000D1BA8A /* DragView.swift */,
				0B7F7F5C2AD3A94700D1BA8A /* DropView.swift */,
				0B5337D82AD3FED4005551E4 /* DraggableView.swift */,
			);
			path = MatchImage;
			sourceTree = "<group>";
		};
		0B7F7F4C2AD3A50100D1BA8A /* Preview Content */ = {
			isa = PBXGroup;
			children = (
				0B7F7F4D2AD3A50100D1BA8A /* Preview Assets.xcassets */,
			);
			path = "Preview Content";
			sourceTree = "<group>";
		};
		0B7F7F562AD3A60400D1BA8A /* ViewModel */ = {
			isa = PBXGroup;
			children = (
				0B7F7F542AD3A58800D1BA8A /* ImageViewModel.swift */,
			);
			path = ViewModel;
			sourceTree = "<group>";
		};
		0B7F7F572AD3A61D00D1BA8A /* Model */ = {
			isa = PBXGroup;
			children = (
				0B7F7F582AD3A62D00D1BA8A /* Image.swift */,
			);
			path = Model;
			sourceTree = "<group>";
		};
/* End PBXGroup section */

/* Begin PBXNativeTarget section */
		0B7F7F422AD3A50000D1BA8A /* MatchImage */ = {
			isa = PBXNativeTarget;
			buildConfigurationList = 0B7F7F512AD3A50100D1BA8A /* Build configuration list for PBXNativeTarget "MatchImage" */;
			buildPhases = (
				0B7F7F3F2AD3A50000D1BA8A /* Sources */,
				0B7F7F402AD3A50000D1BA8A /* Frameworks */,
				0B7F7F412AD3A50000D1BA8A /* Resources */,
			);
			buildRules = (
			);
			dependencies = (
			);
			name = MatchImage;
			productName = MatchImage;
			productReference = 0B7F7F432AD3A50000D1BA8A /* MatchImage.app */;
			productType = "com.apple.product-type.application";
		};
/* End PBXNativeTarget section */

/* Begin PBXProject section */
		0B7F7F3B2AD3A50000D1BA8A /* Project object */ = {
			isa = PBXProject;
			attributes = {
				BuildIndependentTargetsInParallel = 1;
				LastSwiftUpdateCheck = 1430;
				LastUpgradeCheck = 1430;
				TargetAttributes = {
					0B7F7F422AD3A50000D1BA8A = {
						CreatedOnToolsVersion = 14.3.1;
					};
				};
			};
			buildConfigurationList = 0B7F7F3E2AD3A50000D1BA8A /* Build configuration list for PBXProject "MatchImage" */;
			compatibilityVersion = "Xcode 14.0";
			developmentRegion = en;
			hasScannedForEncodings = 0;
			knownRegions = (
				en,
				Base,
			);
			mainGroup = 0B7F7F3A2AD3A50000D1BA8A;
			productRefGroup = 0B7F7F442AD3A50000D1BA8A /* Products */;
			projectDirPath = "";
			projectRoot = "";
			targets = (
				0B7F7F422AD3A50000D1BA8A /* MatchImage */,
			);
		};
/* End PBXProject section */

/* Begin PBXResourcesBuildPhase section */
		0B7F7F412AD3A50000D1BA8A /* Resources */ = {
			isa = PBXResourcesBuildPhase;
			buildActionMask = 2147483647;
			files = (
				0B7F7F4E2AD3A50100D1BA8A /* Preview Assets.xcassets in Resources */,
				0B7F7F4B2AD3A50100D1BA8A /* Assets.xcassets in Resources */,
			);
			runOnlyForDeploymentPostprocessing = 0;
		};
/* End PBXResourcesBuildPhase section */

/* Begin PBXSourcesBuildPhase section */
		0B7F7F3F2AD3A50000D1BA8A /* Sources */ = {
			isa = PBXSourcesBuildPhase;
			buildActionMask = 2147483647;
			files = (
				0B5337D92AD3FED4005551E4 /* DraggableView.swift in Sources */,
				0B7F7F552AD3A58800D1BA8A /* ImageViewModel.swift in Sources */,
				0B7F7F592AD3A62D00D1BA8A /* Image.swift in Sources */,
				0B7F7F492AD3A50000D1BA8A /* ContentView.swift in Sources */,
				0B7F7F472AD3A50000D1BA8A /* MatchImageApp.swift in Sources */,
				0B7F7F5B2AD3A8C000D1BA8A /* DragView.swift in Sources */,
				0B7F7F5D2AD3A94700D1BA8A /* DropView.swift in Sources */,
			);
			runOnlyForDeploymentPostprocessing = 0;
		};
/* End PBXSourcesBuildPhase section */

/* Begin XCBuildConfiguration section */
		0B7F7F4F2AD3A50100D1BA8A /* Debug */ = {
			isa = XCBuildConfiguration;
			buildSettings = {
				ALWAYS_SEARCH_USER_PATHS = NO;
				CLANG_ANALYZER_NONNULL = YES;
				CLANG_ANALYZER_NUMBER_OBJECT_CONVERSION = YES_AGGRESSIVE;
				CLANG_CXX_LANGUAGE_STANDARD = "gnu++20";
				CLANG_ENABLE_MODULES = YES;
				CLANG_ENABLE_OBJC_ARC = YES;
				CLANG_ENABLE_OBJC_WEAK = YES;
				CLANG_WARN_BLOCK_CAPTURE_AUTORELEASING = YES;
				CLANG_WARN_BOOL_CONVERSION = YES;
				CLANG_WARN_COMMA = YES;
				CLANG_WARN_CONSTANT_CONVERSION = YES;
				CLANG_WARN_DEPRECATED_OBJC_IMPLEMENTATIONS = YES;
				CLANG_WARN_DIRECT_OBJC_ISA_USAGE = YES_ERROR;
				CLANG_WARN_DOCUMENTATION_COMMENTS = YES;
				CLANG_WARN_EMPTY_BODY = YES;
				CLANG_WARN_ENUM_CONVERSION = YES;
				CLANG_WARN_INFINITE_RECURSION = YES;
				CLANG_WARN_INT_CONVERSION = YES;
				CLANG_WARN_NON_LITERAL_NULL_CONVERSION = YES;
				CLANG_WARN_OBJC_IMPLICIT_RETAIN_SELF = YES;
				CLANG_WARN_OBJC_LITERAL_CONVERSION = YES;
				CLANG_WARN_OBJC_ROOT_CLASS = YES_ERROR;
				CLANG_WARN_QUOTED_INCLUDE_IN_FRAMEWORK_HEADER = YES;
				CLANG_WARN_RANGE_LOOP_ANALYSIS = YES;
				CLANG_WARN_STRICT_PROTOTYPES = YES;
				CLANG_WARN_SUSPICIOUS_MOVE = YES;
				CLANG_WARN_UNGUARDED_AVAILABILITY = YES_AGGRESSIVE;
				CLANG_WARN_UNREACHABLE_CODE = YES;
				CLANG_WARN__DUPLICATE_METHOD_MATCH = YES;
				COPY_PHASE_STRIP = NO;
				DEBUG_INFORMATION_FORMAT = dwarf;
				ENABLE_STRICT_OBJC_MSGSEND = YES;
				ENABLE_TESTABILITY = YES;
				GCC_C_LANGUAGE_STANDARD = gnu11;
				GCC_DYNAMIC_NO_PIC = NO;
				GCC_NO_COMMON_BLOCKS = YES;
				GCC_OPTIMIZATION_LEVEL = 0;
				GCC_PREPROCESSOR_DEFINITIONS = (
					"DEBUG=1",
					"$(inherited)",
				);
				GCC_WARN_64_TO_32_BIT_CONVERSION = YES;
				GCC_WARN_ABOUT_RETURN_TYPE = YES_ERROR;
				GCC_WARN_UNDECLARED_SELECTOR = YES;
				GCC_WARN_UNINITIALIZED_AUTOS = YES_AGGRESSIVE;
				GCC_WARN_UNUSED_FUNCTION = YES;
				GCC_WARN_UNUSED_VARIABLE = YES;
				IPHONEOS_DEPLOYMENT_TARGET = 16.4;
				MTL_ENABLE_DEBUG_INFO = INCLUDE_SOURCE;
				MTL_FAST_MATH = YES;
				ONLY_ACTIVE_ARCH = YES;
				SDKROOT = iphoneos;
				SWIFT_ACTIVE_COMPILATION_CONDITIONS = DEBUG;
				SWIFT_OPTIMIZATION_LEVEL = "-Onone";
			};
			name = Debug;
		};
		0B7F7F502AD3A50100D1BA8A /* Release */ = {
			isa = XCBuildConfiguration;
			buildSettings = {
				ALWAYS_SEARCH_USER_PATHS = NO;
				CLANG_ANALYZER_NONNULL = YES;
				CLANG_ANALYZER_NUMBER_OBJECT_CONVERSION = YES_AGGRESSIVE;
				CLANG_CXX_LANGUAGE_STANDARD = "gnu++20";
				CLANG_ENABLE_MODULES = YES;
				CLANG_ENABLE_OBJC_ARC = YES;
				CLANG_ENABLE_OBJC_WEAK = YES;
				CLANG_WARN_BLOCK_CAPTURE_AUTORELEASING = YES;
				CLANG_WARN_BOOL_CONVERSION = YES;
				CLANG_WARN_COMMA = YES;
				CLANG_WARN_CONSTANT_CONVERSION = YES;
				CLANG_WARN_DEPRECATED_OBJC_IMPLEMENTATIONS = YES;
				CLANG_WARN_DIRECT_OBJC_ISA_USAGE = YES_ERROR;
				CLANG_WARN_DOCUMENTATION_COMMENTS = YES;
				CLANG_WARN_EMPTY_BODY = YES;
				CLANG_WARN_ENUM_CONVERSION = YES;
				CLANG_WARN_INFINITE_RECURSION = YES;
				CLANG_WARN_INT_CONVERSION = YES;
				CLANG_WARN_NON_LITERAL_NULL_CONVERSION = YES;
				CLANG_WARN_OBJC_IMPLICIT_RETAIN_SELF = YES;
				CLANG_WARN_OBJC_LITERAL_CONVERSION = YES;
				CLANG_WARN_OBJC_ROOT_CLASS = YES_ERROR;
				CLANG_WARN_QUOTED_INCLUDE_IN_FRAMEWORK_HEADER = YES;
				CLANG_WARN_RANGE_LOOP_ANALYSIS = YES;
				CLANG_WARN_STRICT_PROTOTYPES = YES;
				CLANG_WARN_SUSPICIOUS_MOVE = YES;
				CLANG_WARN_UNGUARDED_AVAILABILITY = YES_AGGRESSIVE;
				CLANG_WARN_UNREACHABLE_CODE = YES;
				CLANG_WARN__DUPLICATE_METHOD_MATCH = YES;
				COPY_PHASE_STRIP = NO;
				DEBUG_INFORMATION_FORMAT = "dwarf-with-dsym";
				ENABLE_NS_ASSERTIONS = NO;
				ENABLE_STRICT_OBJC_MSGSEND = YES;
				GCC_C_LANGUAGE_STANDARD = gnu11;
				GCC_NO_COMMON_BLOCKS = YES;
				GCC_WARN_64_TO_32_BIT_CONVERSION = YES;
				GCC_WARN_ABOUT_RETURN_TYPE = YES_ERROR;
				GCC_WARN_UNDECLARED_SELECTOR = YES;
				GCC_WARN_UNINITIALIZED_AUTOS = YES_AGGRESSIVE;
				GCC_WARN_UNUSED_FUNCTION = YES;
				GCC_WARN_UNUSED_VARIABLE = YES;
				IPHONEOS_DEPLOYMENT_TARGET = 16.4;
				MTL_ENABLE_DEBUG_INFO = NO;
				MTL_FAST_MATH = YES;
				SDKROOT = iphoneos;
				SWIFT_COMPILATION_MODE = wholemodule;
				SWIFT_OPTIMIZATION_LEVEL = "-O";
				VALIDATE_PRODUCT = YES;
			};
			name = Release;
		};
		0B7F7F522AD3A50100D1BA8A /* Debug */ = {
			isa = XCBuildConfiguration;
			buildSettings = {
				ASSETCATALOG_COMPILER_APPICON_NAME = AppIcon;
				ASSETCATALOG_COMPILER_GLOBAL_ACCENT_COLOR_NAME = AccentColor;
				CODE_SIGN_STYLE = Automatic;
				CURRENT_PROJECT_VERSION = 1;
				DEVELOPMENT_ASSET_PATHS = "\"MatchImage/Preview Content\"";
				DEVELOPMENT_TEAM = S398LUTY9A;
				ENABLE_PREVIEWS = YES;
				GENERATE_INFOPLIST_FILE = YES;
				INFOPLIST_KEY_UIApplicationSceneManifest_Generation = YES;
				INFOPLIST_KEY_UIApplicationSupportsIndirectInputEvents = YES;
				INFOPLIST_KEY_UILaunchScreen_Generation = YES;
				INFOPLIST_KEY_UISupportedInterfaceOrientations_iPad = "UIInterfaceOrientationPortrait UIInterfaceOrientationPortraitUpsideDown UIInterfaceOrientationLandscapeLeft UIInterfaceOrientationLandscapeRight";
				INFOPLIST_KEY_UISupportedInterfaceOrientations_iPhone = "UIInterfaceOrientationPortrait UIInterfaceOrientationLandscapeLeft UIInterfaceOrientationLandscapeRight";
				LD_RUNPATH_SEARCH_PATHS = (
					"$(inherited)",
					"@executable_path/Frameworks",
				);
				MARKETING_VERSION = 1.0;
				PRODUCT_BUNDLE_IDENTIFIER = com.swift.MatchImage;
				PRODUCT_NAME = "$(TARGET_NAME)";
				SWIFT_EMIT_LOC_STRINGS = YES;
				SWIFT_VERSION = 5.0;
				TARGETED_DEVICE_FAMILY = "1,2";
			};
			name = Debug;
		};
		0B7F7F532AD3A50100D1BA8A /* Release */ = {
			isa = XCBuildConfiguration;
			buildSettings = {
				ASSETCATALOG_COMPILER_APPICON_NAME = AppIcon;
				ASSETCATALOG_COMPILER_GLOBAL_ACCENT_COLOR_NAME = AccentColor;
				CODE_SIGN_STYLE = Automatic;
				CURRENT_PROJECT_VERSION = 1;
				DEVELOPMENT_ASSET_PATHS = "\"MatchImage/Preview Content\"";
				DEVELOPMENT_TEAM = S398LUTY9A;
				ENABLE_PREVIEWS = YES;
				GENERATE_INFOPLIST_FILE = YES;
				INFOPLIST_KEY_UIApplicationSceneManifest_Generation = YES;
				INFOPLIST_KEY_UIApplicationSupportsIndirectInputEvents = YES;
				INFOPLIST_KEY_UILaunchScreen_Generation = YES;
				INFOPLIST_KEY_UISupportedInterfaceOrientations_iPad = "UIInterfaceOrientationPortrait UIInterfaceOrientationPortraitUpsideDown UIInterfaceOrientationLandscapeLeft UIInterfaceOrientationLandscapeRight";
				INFOPLIST_KEY_UISupportedInterfaceOrientations_iPhone = "UIInterfaceOrientationPortrait UIInterfaceOrientationLandscapeLeft UIInterfaceOrientationLandscapeRight";
				LD_RUNPATH_SEARCH_PATHS = (
					"$(inherited)",
					"@executable_path/Frameworks",
				);
				MARKETING_VERSION = 1.0;
				PRODUCT_BUNDLE_IDENTIFIER = com.swift.MatchImage;
				PRODUCT_NAME = "$(TARGET_NAME)";
				SWIFT_EMIT_LOC_STRINGS = YES;
				SWIFT_VERSION = 5.0;
				TARGETED_DEVICE_FAMILY = "1,2";
			};
			name = Release;
		};
/* End XCBuildConfiguration section */

/* Begin XCConfigurationList section */
		0B7F7F3E2AD3A50000D1BA8A /* Build configuration list for PBXProject "MatchImage" */ = {
			isa = XCConfigurationList;
			buildConfigurations = (
				0B7F7F4F2AD3A50100D1BA8A /* Debug */,
				0B7F7F502AD3A50100D1BA8A /* Release */,
			);
			defaultConfigurationIsVisible = 0;
			defaultConfigurationName = Release;
		};
		0B7F7F512AD3A50100D1BA8A /* Build configuration list for PBXNativeTarget "MatchImage" */ = {
			isa = XCConfigurationList;
			buildConfigurations = (
				0B7F7F522AD3A50100D1BA8A /* Debug */,
				0B7F7F532AD3A50100D1BA8A /* Release */,
			);
			defaultConfigurationIsVisible = 0;
			defaultConfigurationName = Release;
		};
/* End XCConfigurationList section */
	};
	rootObject = 0B7F7F3B2AD3A50000D1BA8A /* Project object */;
}
